// !$*UTF8*$!
{
	archiveVersion = 1;
	classes = {
	};
	objectVersion = 52;
	objects = {

/* Begin PBXBuildFile section */
		D03DDC2526B191890096F756 /* AppDelegate.swift in Sources */ = {isa = PBXBuildFile; fileRef = D03DDC2426B191890096F756 /* AppDelegate.swift */; };
		D03DDC2726B191890096F756 /* SceneDelegate.swift in Sources */ = {isa = PBXBuildFile; fileRef = D03DDC2626B191890096F756 /* SceneDelegate.swift */; };
		D03DDC2926B191890096F756 /* ViewController.swift in Sources */ = {isa = PBXBuildFile; fileRef = D03DDC2826B191890096F756 /* ViewController.swift */; };
		D03DDC2C26B191890096F756 /* Main.storyboard in Resources */ = {isa = PBXBuildFile; fileRef = D03DDC2A26B191890096F756 /* Main.storyboard */; };
		D03DDC2E26B1918C0096F756 /* Assets.xcassets in Resources */ = {isa = PBXBuildFile; fileRef = D03DDC2D26B1918C0096F756 /* Assets.xcassets */; };
		D03DDC3126B1918C0096F756 /* LaunchScreen.storyboard in Resources */ = {isa = PBXBuildFile; fileRef = D03DDC2F26B1918C0096F756 /* LaunchScreen.storyboard */; };
		D03DDC3C26B1918C0096F756 /* RxSideDishTests.swift in Sources */ = {isa = PBXBuildFile; fileRef = D03DDC3B26B1918C0096F756 /* RxSideDishTests.swift */; };
		D03DDC4726B1918C0096F756 /* RxSideDishUITests.swift in Sources */ = {isa = PBXBuildFile; fileRef = D03DDC4626B1918C0096F756 /* RxSideDishUITests.swift */; };
		D03DDC5626B196290096F756 /* RxSwift in Frameworks */ = {isa = PBXBuildFile; productRef = D03DDC5526B196290096F756 /* RxSwift */; };
		D03DDC5A26B196290096F756 /* RxRelay in Frameworks */ = {isa = PBXBuildFile; productRef = D03DDC5926B196290096F756 /* RxRelay */; };
		D03DDC5C26B196290096F756 /* RxCocoa in Frameworks */ = {isa = PBXBuildFile; productRef = D03DDC5B26B196290096F756 /* RxCocoa */; };
		D03DDC6026B1BC0F0096F756 /* Endpoint.swift in Sources */ = {isa = PBXBuildFile; fileRef = D03DDC5F26B1BC0F0096F756 /* Endpoint.swift */; };
		D03DDC6226B1C4F40096F756 /* RepositoryService.swift in Sources */ = {isa = PBXBuildFile; fileRef = D03DDC6126B1C4F40096F756 /* RepositoryService.swift */; };
		D0453C8F26BE512C0094B0E4 /* SideDishDetailView.swift in Sources */ = {isa = PBXBuildFile; fileRef = D0453C8E26BE512C0094B0E4 /* SideDishDetailView.swift */; };
		D0453C9126BFFFC20094B0E4 /* ImageView+Extension.swift in Sources */ = {isa = PBXBuildFile; fileRef = D0453C9026BFFFC20094B0E4 /* ImageView+Extension.swift */; };
		D0B2251626B3D31D009D67E9 /* SessionManager.swift in Sources */ = {isa = PBXBuildFile; fileRef = D0B2251526B3D31D009D67E9 /* SessionManager.swift */; };
		D0B2251826B56E39009D67E9 /* SideDishes.swift in Sources */ = {isa = PBXBuildFile; fileRef = D0B2251726B56E39009D67E9 /* SideDishes.swift */; };
		D0B2251A26B57346009D67E9 /* SideDishViewModel.swift in Sources */ = {isa = PBXBuildFile; fileRef = D0B2251926B57346009D67E9 /* SideDishViewModel.swift */; };
		D0B2251D26B6A197009D67E9 /* RxDataSources in Frameworks */ = {isa = PBXBuildFile; productRef = D0B2251C26B6A197009D67E9 /* RxDataSources */; };
		D0B2251F26B7FF9F009D67E9 /* SectionModel.swift in Sources */ = {isa = PBXBuildFile; fileRef = D0B2251E26B7FF9F009D67E9 /* SectionModel.swift */; };
		D0B2252226B848FB009D67E9 /* SideDishTableViewCell.swift in Sources */ = {isa = PBXBuildFile; fileRef = D0B2252026B848FB009D67E9 /* SideDishTableViewCell.swift */; };
		D0B2252526B8EC60009D67E9 /* SideDishTableViewHeader.swift in Sources */ = {isa = PBXBuildFile; fileRef = D0B2252426B8EC60009D67E9 /* SideDishTableViewHeader.swift */; };
		D0B2252726B90D94009D67E9 /* BadgeLabel.swift in Sources */ = {isa = PBXBuildFile; fileRef = D0B2252626B90D94009D67E9 /* BadgeLabel.swift */; };
		D0B2252926B94CC3009D67E9 /* SideDishDetailViewController.swift in Sources */ = {isa = PBXBuildFile; fileRef = D0B2252826B94CC3009D67E9 /* SideDishDetailViewController.swift */; };
		D0B2252D26B98174009D67E9 /* SideDishDetailViewModel.swift in Sources */ = {isa = PBXBuildFile; fileRef = D0B2252C26B98174009D67E9 /* SideDishDetailViewModel.swift */; };
/* End PBXBuildFile section */

/* Begin PBXContainerItemProxy section */
		D03DDC3826B1918C0096F756 /* PBXContainerItemProxy */ = {
			isa = PBXContainerItemProxy;
			containerPortal = D03DDC1926B191890096F756 /* Project object */;
			proxyType = 1;
			remoteGlobalIDString = D03DDC2026B191890096F756;
			remoteInfo = RxSideDish;
		};
		D03DDC4326B1918C0096F756 /* PBXContainerItemProxy */ = {
			isa = PBXContainerItemProxy;
			containerPortal = D03DDC1926B191890096F756 /* Project object */;
			proxyType = 1;
			remoteGlobalIDString = D03DDC2026B191890096F756;
			remoteInfo = RxSideDish;
		};
/* End PBXContainerItemProxy section */

/* Begin PBXFileReference section */
		D03DDC2126B191890096F756 /* RxSideDish.app */ = {isa = PBXFileReference; explicitFileType = wrapper.application; includeInIndex = 0; path = RxSideDish.app; sourceTree = BUILT_PRODUCTS_DIR; };
		D03DDC2426B191890096F756 /* AppDelegate.swift */ = {isa = PBXFileReference; lastKnownFileType = sourcecode.swift; path = AppDelegate.swift; sourceTree = "<group>"; };
		D03DDC2626B191890096F756 /* SceneDelegate.swift */ = {isa = PBXFileReference; lastKnownFileType = sourcecode.swift; path = SceneDelegate.swift; sourceTree = "<group>"; };
		D03DDC2826B191890096F756 /* ViewController.swift */ = {isa = PBXFileReference; indentWidth = 2; lastKnownFileType = sourcecode.swift; path = ViewController.swift; sourceTree = "<group>"; tabWidth = 2; };
		D03DDC2B26B191890096F756 /* Base */ = {isa = PBXFileReference; lastKnownFileType = file.storyboard; name = Base; path = Base.lproj/Main.storyboard; sourceTree = "<group>"; };
		D03DDC2D26B1918C0096F756 /* Assets.xcassets */ = {isa = PBXFileReference; lastKnownFileType = folder.assetcatalog; path = Assets.xcassets; sourceTree = "<group>"; };
		D03DDC3026B1918C0096F756 /* Base */ = {isa = PBXFileReference; lastKnownFileType = file.storyboard; name = Base; path = Base.lproj/LaunchScreen.storyboard; sourceTree = "<group>"; };
		D03DDC3226B1918C0096F756 /* Info.plist */ = {isa = PBXFileReference; lastKnownFileType = text.plist.xml; path = Info.plist; sourceTree = "<group>"; };
		D03DDC3726B1918C0096F756 /* RxSideDishTests.xctest */ = {isa = PBXFileReference; explicitFileType = wrapper.cfbundle; includeInIndex = 0; path = RxSideDishTests.xctest; sourceTree = BUILT_PRODUCTS_DIR; };
		D03DDC3B26B1918C0096F756 /* RxSideDishTests.swift */ = {isa = PBXFileReference; lastKnownFileType = sourcecode.swift; path = RxSideDishTests.swift; sourceTree = "<group>"; };
		D03DDC3D26B1918C0096F756 /* Info.plist */ = {isa = PBXFileReference; lastKnownFileType = text.plist.xml; path = Info.plist; sourceTree = "<group>"; };
		D03DDC4226B1918C0096F756 /* RxSideDishUITests.xctest */ = {isa = PBXFileReference; explicitFileType = wrapper.cfbundle; includeInIndex = 0; path = RxSideDishUITests.xctest; sourceTree = BUILT_PRODUCTS_DIR; };
		D03DDC4626B1918C0096F756 /* RxSideDishUITests.swift */ = {isa = PBXFileReference; lastKnownFileType = sourcecode.swift; path = RxSideDishUITests.swift; sourceTree = "<group>"; };
		D03DDC4826B1918C0096F756 /* Info.plist */ = {isa = PBXFileReference; lastKnownFileType = text.plist.xml; path = Info.plist; sourceTree = "<group>"; };
		D03DDC5F26B1BC0F0096F756 /* Endpoint.swift */ = {isa = PBXFileReference; indentWidth = 2; lastKnownFileType = sourcecode.swift; path = Endpoint.swift; sourceTree = "<group>"; tabWidth = 2; };
		D03DDC6126B1C4F40096F756 /* RepositoryService.swift */ = {isa = PBXFileReference; indentWidth = 2; lastKnownFileType = sourcecode.swift; path = RepositoryService.swift; sourceTree = "<group>"; tabWidth = 2; };
		D0453C8E26BE512C0094B0E4 /* SideDishDetailView.swift */ = {isa = PBXFileReference; indentWidth = 2; lastKnownFileType = sourcecode.swift; path = SideDishDetailView.swift; sourceTree = "<group>"; tabWidth = 2; };
		D0453C9026BFFFC20094B0E4 /* ImageView+Extension.swift */ = {isa = PBXFileReference; indentWidth = 2; lastKnownFileType = sourcecode.swift; path = "ImageView+Extension.swift"; sourceTree = "<group>"; tabWidth = 2; };
		D0B2251526B3D31D009D67E9 /* SessionManager.swift */ = {isa = PBXFileReference; indentWidth = 2; lastKnownFileType = sourcecode.swift; path = SessionManager.swift; sourceTree = "<group>"; tabWidth = 2; };
		D0B2251726B56E39009D67E9 /* SideDishes.swift */ = {isa = PBXFileReference; indentWidth = 2; lastKnownFileType = sourcecode.swift; path = SideDishes.swift; sourceTree = "<group>"; tabWidth = 2; };
		D0B2251926B57346009D67E9 /* SideDishViewModel.swift */ = {isa = PBXFileReference; indentWidth = 2; lastKnownFileType = sourcecode.swift; path = SideDishViewModel.swift; sourceTree = "<group>"; tabWidth = 2; };
		D0B2251E26B7FF9F009D67E9 /* SectionModel.swift */ = {isa = PBXFileReference; lastKnownFileType = sourcecode.swift; path = SectionModel.swift; sourceTree = "<group>"; };
		D0B2252026B848FB009D67E9 /* SideDishTableViewCell.swift */ = {isa = PBXFileReference; indentWidth = 2; lastKnownFileType = sourcecode.swift; path = SideDishTableViewCell.swift; sourceTree = "<group>"; tabWidth = 2; };
		D0B2252426B8EC60009D67E9 /* SideDishTableViewHeader.swift */ = {isa = PBXFileReference; indentWidth = 2; lastKnownFileType = sourcecode.swift; path = SideDishTableViewHeader.swift; sourceTree = "<group>"; tabWidth = 2; };
		D0B2252626B90D94009D67E9 /* BadgeLabel.swift */ = {isa = PBXFileReference; indentWidth = 2; lastKnownFileType = sourcecode.swift; path = BadgeLabel.swift; sourceTree = "<group>"; tabWidth = 2; };
		D0B2252826B94CC3009D67E9 /* SideDishDetailViewController.swift */ = {isa = PBXFileReference; indentWidth = 2; lastKnownFileType = sourcecode.swift; path = SideDishDetailViewController.swift; sourceTree = "<group>"; tabWidth = 2; };
		D0B2252C26B98174009D67E9 /* SideDishDetailViewModel.swift */ = {isa = PBXFileReference; indentWidth = 2; lastKnownFileType = sourcecode.swift; path = SideDishDetailViewModel.swift; sourceTree = "<group>"; tabWidth = 2; };
/* End PBXFileReference section */

/* Begin PBXFrameworksBuildPhase section */
		D03DDC1E26B191890096F756 /* Frameworks */ = {
			isa = PBXFrameworksBuildPhase;
			buildActionMask = 2147483647;
			files = (
				D03DDC5A26B196290096F756 /* RxRelay in Frameworks */,
				D0B2251D26B6A197009D67E9 /* RxDataSources in Frameworks */,
				D03DDC5C26B196290096F756 /* RxCocoa in Frameworks */,
				D03DDC5626B196290096F756 /* RxSwift in Frameworks */,
			);
			runOnlyForDeploymentPostprocessing = 0;
		};
		D03DDC3426B1918C0096F756 /* Frameworks */ = {
			isa = PBXFrameworksBuildPhase;
			buildActionMask = 2147483647;
			files = (
			);
			runOnlyForDeploymentPostprocessing = 0;
		};
		D03DDC3F26B1918C0096F756 /* Frameworks */ = {
			isa = PBXFrameworksBuildPhase;
			buildActionMask = 2147483647;
			files = (
			);
			runOnlyForDeploymentPostprocessing = 0;
		};
/* End PBXFrameworksBuildPhase section */

/* Begin PBXGroup section */
		D03DDC1826B191890096F756 = {
			isa = PBXGroup;
			children = (
				D03DDC2326B191890096F756 /* RxSideDish */,
				D03DDC3A26B1918C0096F756 /* RxSideDishTests */,
				D03DDC4526B1918C0096F756 /* RxSideDishUITests */,
				D03DDC2226B191890096F756 /* Products */,
			);
			sourceTree = "<group>";
		};
		D03DDC2226B191890096F756 /* Products */ = {
			isa = PBXGroup;
			children = (
				D03DDC2126B191890096F756 /* RxSideDish.app */,
				D03DDC3726B1918C0096F756 /* RxSideDishTests.xctest */,
				D03DDC4226B1918C0096F756 /* RxSideDishUITests.xctest */,
			);
			name = Products;
			sourceTree = "<group>";
		};
		D03DDC2326B191890096F756 /* RxSideDish */ = {
			isa = PBXGroup;
			children = (
				D0453C8926BA6AA90094B0E4 /* Supporting Files */,
				D0453C8726BA6A780094B0E4 /* Controllers */,
				D0453C8826BA6A8B0094B0E4 /* View Models */,
				D0453C8A26BA6ACB0094B0E4 /* Views */,
				D03DDC3226B1918C0096F756 /* Info.plist */,
				D0453C9026BFFFC20094B0E4 /* ImageView+Extension.swift */,
				D03DDC5F26B1BC0F0096F756 /* Endpoint.swift */,
				D03DDC6126B1C4F40096F756 /* RepositoryService.swift */,
				D0B2251526B3D31D009D67E9 /* SessionManager.swift */,
				D0453C8D26BE45600094B0E4 /* Models */,
			);
			path = RxSideDish;
			sourceTree = "<group>";
		};
		D03DDC3A26B1918C0096F756 /* RxSideDishTests */ = {
			isa = PBXGroup;
			children = (
				D03DDC3B26B1918C0096F756 /* RxSideDishTests.swift */,
				D03DDC3D26B1918C0096F756 /* Info.plist */,
			);
			path = RxSideDishTests;
			sourceTree = "<group>";
		};
		D03DDC4526B1918C0096F756 /* RxSideDishUITests */ = {
			isa = PBXGroup;
			children = (
				D03DDC4626B1918C0096F756 /* RxSideDishUITests.swift */,
				D03DDC4826B1918C0096F756 /* Info.plist */,
			);
			path = RxSideDishUITests;
			sourceTree = "<group>";
		};
		D0453C8726BA6A780094B0E4 /* Controllers */ = {
			isa = PBXGroup;
			children = (
				D03DDC2826B191890096F756 /* ViewController.swift */,
				D0B2252826B94CC3009D67E9 /* SideDishDetailViewController.swift */,
			);
			path = Controllers;
			sourceTree = "<group>";
		};
		D0453C8826BA6A8B0094B0E4 /* View Models */ = {
			isa = PBXGroup;
			children = (
				D0B2251926B57346009D67E9 /* SideDishViewModel.swift */,
				D0B2252C26B98174009D67E9 /* SideDishDetailViewModel.swift */,
			);
			path = "View Models";
			sourceTree = "<group>";
		};
		D0453C8926BA6AA90094B0E4 /* Supporting Files */ = {
			isa = PBXGroup;
			children = (
				D03DDC2426B191890096F756 /* AppDelegate.swift */,
				D03DDC2626B191890096F756 /* SceneDelegate.swift */,
				D03DDC2D26B1918C0096F756 /* Assets.xcassets */,
				D03DDC2F26B1918C0096F756 /* LaunchScreen.storyboard */,
			);
			path = "Supporting Files";
			sourceTree = "<group>";
		};
		D0453C8A26BA6ACB0094B0E4 /* Views */ = {
			isa = PBXGroup;
			children = (
				D0B2252426B8EC60009D67E9 /* SideDishTableViewHeader.swift */,
				D0B2252026B848FB009D67E9 /* SideDishTableViewCell.swift */,
				D0B2252626B90D94009D67E9 /* BadgeLabel.swift */,
				D03DDC2A26B191890096F756 /* Main.storyboard */,
				D0453C8E26BE512C0094B0E4 /* SideDishDetailView.swift */,
			);
			path = Views;
			sourceTree = "<group>";
		};
		D0453C8D26BE45600094B0E4 /* Models */ = {
			isa = PBXGroup;
			children = (
				D0B2251726B56E39009D67E9 /* SideDishes.swift */,
				D0B2251E26B7FF9F009D67E9 /* SectionModel.swift */,
			);
			path = Models;
			sourceTree = "<group>";
		};
/* End PBXGroup section */

/* Begin PBXNativeTarget section */
		D03DDC2026B191890096F756 /* RxSideDish */ = {
			isa = PBXNativeTarget;
			buildConfigurationList = D03DDC4B26B1918C0096F756 /* Build configuration list for PBXNativeTarget "RxSideDish" */;
			buildPhases = (
				D03DDC1D26B191890096F756 /* Sources */,
				D03DDC1E26B191890096F756 /* Frameworks */,
				D03DDC1F26B191890096F756 /* Resources */,
			);
			buildRules = (
			);
			dependencies = (
			);
			name = RxSideDish;
			packageProductDependencies = (
				D03DDC5526B196290096F756 /* RxSwift */,
				D03DDC5926B196290096F756 /* RxRelay */,
				D03DDC5B26B196290096F756 /* RxCocoa */,
				D0B2251C26B6A197009D67E9 /* RxDataSources */,
			);
			productName = RxSideDish;
			productReference = D03DDC2126B191890096F756 /* RxSideDish.app */;
			productType = "com.apple.product-type.application";
		};
		D03DDC3626B1918C0096F756 /* RxSideDishTests */ = {
			isa = PBXNativeTarget;
			buildConfigurationList = D03DDC4E26B1918C0096F756 /* Build configuration list for PBXNativeTarget "RxSideDishTests" */;
			buildPhases = (
				D03DDC3326B1918C0096F756 /* Sources */,
				D03DDC3426B1918C0096F756 /* Frameworks */,
				D03DDC3526B1918C0096F756 /* Resources */,
			);
			buildRules = (
			);
			dependencies = (
				D03DDC3926B1918C0096F756 /* PBXTargetDependency */,
			);
			name = RxSideDishTests;
			productName = RxSideDishTests;
			productReference = D03DDC3726B1918C0096F756 /* RxSideDishTests.xctest */;
			productType = "com.apple.product-type.bundle.unit-test";
		};
		D03DDC4126B1918C0096F756 /* RxSideDishUITests */ = {
			isa = PBXNativeTarget;
			buildConfigurationList = D03DDC5126B1918C0096F756 /* Build configuration list for PBXNativeTarget "RxSideDishUITests" */;
			buildPhases = (
				D03DDC3E26B1918C0096F756 /* Sources */,
				D03DDC3F26B1918C0096F756 /* Frameworks */,
				D03DDC4026B1918C0096F756 /* Resources */,
			);
			buildRules = (
			);
			dependencies = (
				D03DDC4426B1918C0096F756 /* PBXTargetDependency */,
			);
			name = RxSideDishUITests;
			productName = RxSideDishUITests;
			productReference = D03DDC4226B1918C0096F756 /* RxSideDishUITests.xctest */;
			productType = "com.apple.product-type.bundle.ui-testing";
		};
/* End PBXNativeTarget section */

/* Begin PBXProject section */
		D03DDC1926B191890096F756 /* Project object */ = {
			isa = PBXProject;
			attributes = {
				LastSwiftUpdateCheck = 1250;
				LastUpgradeCheck = 1250;
				TargetAttributes = {
					D03DDC2026B191890096F756 = {
						CreatedOnToolsVersion = 12.5;
					};
					D03DDC3626B1918C0096F756 = {
						CreatedOnToolsVersion = 12.5;
						TestTargetID = D03DDC2026B191890096F756;
					};
					D03DDC4126B1918C0096F756 = {
						CreatedOnToolsVersion = 12.5;
						TestTargetID = D03DDC2026B191890096F756;
					};
				};
			};
			buildConfigurationList = D03DDC1C26B191890096F756 /* Build configuration list for PBXProject "RxSideDish" */;
			compatibilityVersion = "Xcode 9.3";
			developmentRegion = en;
			hasScannedForEncodings = 0;
			knownRegions = (
				en,
				Base,
			);
			mainGroup = D03DDC1826B191890096F756;
			packageReferences = (
				D03DDC5426B196290096F756 /* XCRemoteSwiftPackageReference "RxSwift" */,
				D0B2251B26B6A197009D67E9 /* XCRemoteSwiftPackageReference "RxDataSources" */,
			);
			productRefGroup = D03DDC2226B191890096F756 /* Products */;
			projectDirPath = "";
			projectRoot = "";
			targets = (
				D03DDC2026B191890096F756 /* RxSideDish */,
				D03DDC3626B1918C0096F756 /* RxSideDishTests */,
				D03DDC4126B1918C0096F756 /* RxSideDishUITests */,
			);
		};
/* End PBXProject section */

/* Begin PBXResourcesBuildPhase section */
		D03DDC1F26B191890096F756 /* Resources */ = {
			isa = PBXResourcesBuildPhase;
			buildActionMask = 2147483647;
			files = (
				D03DDC3126B1918C0096F756 /* LaunchScreen.storyboard in Resources */,
				D03DDC2E26B1918C0096F756 /* Assets.xcassets in Resources */,
				D03DDC2C26B191890096F756 /* Main.storyboard in Resources */,
			);
			runOnlyForDeploymentPostprocessing = 0;
		};
		D03DDC3526B1918C0096F756 /* Resources */ = {
			isa = PBXResourcesBuildPhase;
			buildActionMask = 2147483647;
			files = (
			);
			runOnlyForDeploymentPostprocessing = 0;
		};
		D03DDC4026B1918C0096F756 /* Resources */ = {
			isa = PBXResourcesBuildPhase;
			buildActionMask = 2147483647;
			files = (
			);
			runOnlyForDeploymentPostprocessing = 0;
		};
/* End PBXResourcesBuildPhase section */

/* Begin PBXSourcesBuildPhase section */
		D03DDC1D26B191890096F756 /* Sources */ = {
			isa = PBXSourcesBuildPhase;
			buildActionMask = 2147483647;
			files = (
				D03DDC2926B191890096F756 /* ViewController.swift in Sources */,
				D03DDC6226B1C4F40096F756 /* RepositoryService.swift in Sources */,
				D0B2251F26B7FF9F009D67E9 /* SectionModel.swift in Sources */,
				D0453C8F26BE512C0094B0E4 /* SideDishDetailView.swift in Sources */,
				D0B2252526B8EC60009D67E9 /* SideDishTableViewHeader.swift in Sources */,
				D0B2251626B3D31D009D67E9 /* SessionManager.swift in Sources */,
				D0B2251A26B57346009D67E9 /* SideDishViewModel.swift in Sources */,
				D0B2252726B90D94009D67E9 /* BadgeLabel.swift in Sources */,
				D03DDC2526B191890096F756 /* AppDelegate.swift in Sources */,
				D0B2252226B848FB009D67E9 /* SideDishTableViewCell.swift in Sources */,
				D0453C9126BFFFC20094B0E4 /* ImageView+Extension.swift in Sources */,
				D03DDC6026B1BC0F0096F756 /* Endpoint.swift in Sources */,
				D03DDC2726B191890096F756 /* SceneDelegate.swift in Sources */,
				D0B2251826B56E39009D67E9 /* SideDishes.swift in Sources */,
				D0B2252D26B98174009D67E9 /* SideDishDetailViewModel.swift in Sources */,
				D0B2252926B94CC3009D67E9 /* SideDishDetailViewController.swift in Sources */,
			);
			runOnlyForDeploymentPostprocessing = 0;
		};
		D03DDC3326B1918C0096F756 /* Sources */ = {
			isa = PBXSourcesBuildPhase;
			buildActionMask = 2147483647;
			files = (
				D03DDC3C26B1918C0096F756 /* RxSideDishTests.swift in Sources */,
			);
			runOnlyForDeploymentPostprocessing = 0;
		};
		D03DDC3E26B1918C0096F756 /* Sources */ = {
			isa = PBXSourcesBuildPhase;
			buildActionMask = 2147483647;
			files = (
				D03DDC4726B1918C0096F756 /* RxSideDishUITests.swift in Sources */,
			);
			runOnlyForDeploymentPostprocessing = 0;
		};
/* End PBXSourcesBuildPhase section */

/* Begin PBXTargetDependency section */
		D03DDC3926B1918C0096F756 /* PBXTargetDependency */ = {
			isa = PBXTargetDependency;
			target = D03DDC2026B191890096F756 /* RxSideDish */;
			targetProxy = D03DDC3826B1918C0096F756 /* PBXContainerItemProxy */;
		};
		D03DDC4426B1918C0096F756 /* PBXTargetDependency */ = {
			isa = PBXTargetDependency;
			target = D03DDC2026B191890096F756 /* RxSideDish */;
			targetProxy = D03DDC4326B1918C0096F756 /* PBXContainerItemProxy */;
		};
/* End PBXTargetDependency section */

/* Begin PBXVariantGroup section */
		D03DDC2A26B191890096F756 /* Main.storyboard */ = {
			isa = PBXVariantGroup;
			children = (
				D03DDC2B26B191890096F756 /* Base */,
			);
			name = Main.storyboard;
			sourceTree = "<group>";
		};
		D03DDC2F26B1918C0096F756 /* LaunchScreen.storyboard */ = {
			isa = PBXVariantGroup;
			children = (
				D03DDC3026B1918C0096F756 /* Base */,
			);
			name = LaunchScreen.storyboard;
			sourceTree = "<group>";
		};
/* End PBXVariantGroup section */

/* Begin XCBuildConfiguration section */
		D03DDC4926B1918C0096F756 /* Debug */ = {
			isa = XCBuildConfiguration;
			buildSettings = {
				ALWAYS_SEARCH_USER_PATHS = NO;
				CLANG_ANALYZER_NONNULL = YES;
				CLANG_ANALYZER_NUMBER_OBJECT_CONVERSION = YES_AGGRESSIVE;
				CLANG_CXX_LANGUAGE_STANDARD = "gnu++14";
				CLANG_CXX_LIBRARY = "libc++";
				CLANG_ENABLE_MODULES = YES;
				CLANG_ENABLE_OBJC_ARC = YES;
				CLANG_ENABLE_OBJC_WEAK = YES;
				CLANG_WARN_BLOCK_CAPTURE_AUTORELEASING = YES;
				CLANG_WARN_BOOL_CONVERSION = YES;
				CLANG_WARN_COMMA = YES;
				CLANG_WARN_CONSTANT_CONVERSION = YES;
				CLANG_WARN_DEPRECATED_OBJC_IMPLEMENTATIONS = YES;
				CLANG_WARN_DIRECT_OBJC_ISA_USAGE = YES_ERROR;
				CLANG_WARN_DOCUMENTATION_COMMENTS = YES;
				CLANG_WARN_EMPTY_BODY = YES;
				CLANG_WARN_ENUM_CONVERSION = YES;
				CLANG_WARN_INFINITE_RECURSION = YES;
				CLANG_WARN_INT_CONVERSION = YES;
				CLANG_WARN_NON_LITERAL_NULL_CONVERSION = YES;
				CLANG_WARN_OBJC_IMPLICIT_RETAIN_SELF = YES;
				CLANG_WARN_OBJC_LITERAL_CONVERSION = YES;
				CLANG_WARN_OBJC_ROOT_CLASS = YES_ERROR;
				CLANG_WARN_QUOTED_INCLUDE_IN_FRAMEWORK_HEADER = YES;
				CLANG_WARN_RANGE_LOOP_ANALYSIS = YES;
				CLANG_WARN_STRICT_PROTOTYPES = YES;
				CLANG_WARN_SUSPICIOUS_MOVE = YES;
				CLANG_WARN_UNGUARDED_AVAILABILITY = YES_AGGRESSIVE;
				CLANG_WARN_UNREACHABLE_CODE = YES;
				CLANG_WARN__DUPLICATE_METHOD_MATCH = YES;
				COPY_PHASE_STRIP = NO;
				DEBUG_INFORMATION_FORMAT = dwarf;
				ENABLE_STRICT_OBJC_MSGSEND = YES;
				ENABLE_TESTABILITY = YES;
				GCC_C_LANGUAGE_STANDARD = gnu11;
				GCC_DYNAMIC_NO_PIC = NO;
				GCC_NO_COMMON_BLOCKS = YES;
				GCC_OPTIMIZATION_LEVEL = 0;
				GCC_PREPROCESSOR_DEFINITIONS = (
					"DEBUG=1",
					"$(inherited)",
				);
				GCC_WARN_64_TO_32_BIT_CONVERSION = YES;
				GCC_WARN_ABOUT_RETURN_TYPE = YES_ERROR;
				GCC_WARN_UNDECLARED_SELECTOR = YES;
				GCC_WARN_UNINITIALIZED_AUTOS = YES_AGGRESSIVE;
				GCC_WARN_UNUSED_FUNCTION = YES;
				GCC_WARN_UNUSED_VARIABLE = YES;
				IPHONEOS_DEPLOYMENT_TARGET = 14.5;
				MTL_ENABLE_DEBUG_INFO = INCLUDE_SOURCE;
				MTL_FAST_MATH = YES;
				ONLY_ACTIVE_ARCH = YES;
				SDKROOT = iphoneos;
				SWIFT_ACTIVE_COMPILATION_CONDITIONS = DEBUG;
				SWIFT_OPTIMIZATION_LEVEL = "-Onone";
			};
			name = Debug;
		};
		D03DDC4A26B1918C0096F756 /* Release */ = {
			isa = XCBuildConfiguration;
			buildSettings = {
				ALWAYS_SEARCH_USER_PATHS = NO;
				CLANG_ANALYZER_NONNULL = YES;
				CLANG_ANALYZER_NUMBER_OBJECT_CONVERSION = YES_AGGRESSIVE;
				CLANG_CXX_LANGUAGE_STANDARD = "gnu++14";
				CLANG_CXX_LIBRARY = "libc++";
				CLANG_ENABLE_MODULES = YES;
				CLANG_ENABLE_OBJC_ARC = YES;
				CLANG_ENABLE_OBJC_WEAK = YES;
				CLANG_WARN_BLOCK_CAPTURE_AUTORELEASING = YES;
				CLANG_WARN_BOOL_CONVERSION = YES;
				CLANG_WARN_COMMA = YES;
				CLANG_WARN_CONSTANT_CONVERSION = YES;
				CLANG_WARN_DEPRECATED_OBJC_IMPLEMENTATIONS = YES;
				CLANG_WARN_DIRECT_OBJC_ISA_USAGE = YES_ERROR;
				CLANG_WARN_DOCUMENTATION_COMMENTS = YES;
				CLANG_WARN_EMPTY_BODY = YES;
				CLANG_WARN_ENUM_CONVERSION = YES;
				CLANG_WARN_INFINITE_RECURSION = YES;
				CLANG_WARN_INT_CONVERSION = YES;
				CLANG_WARN_NON_LITERAL_NULL_CONVERSION = YES;
				CLANG_WARN_OBJC_IMPLICIT_RETAIN_SELF = YES;
				CLANG_WARN_OBJC_LITERAL_CONVERSION = YES;
				CLANG_WARN_OBJC_ROOT_CLASS = YES_ERROR;
				CLANG_WARN_QUOTED_INCLUDE_IN_FRAMEWORK_HEADER = YES;
				CLANG_WARN_RANGE_LOOP_ANALYSIS = YES;
				CLANG_WARN_STRICT_PROTOTYPES = YES;
				CLANG_WARN_SUSPICIOUS_MOVE = YES;
				CLANG_WARN_UNGUARDED_AVAILABILITY = YES_AGGRESSIVE;
				CLANG_WARN_UNREACHABLE_CODE = YES;
				CLANG_WARN__DUPLICATE_METHOD_MATCH = YES;
				COPY_PHASE_STRIP = NO;
				DEBUG_INFORMATION_FORMAT = "dwarf-with-dsym";
				ENABLE_NS_ASSERTIONS = NO;
				ENABLE_STRICT_OBJC_MSGSEND = YES;
				GCC_C_LANGUAGE_STANDARD = gnu11;
				GCC_NO_COMMON_BLOCKS = YES;
				GCC_WARN_64_TO_32_BIT_CONVERSION = YES;
				GCC_WARN_ABOUT_RETURN_TYPE = YES_ERROR;
				GCC_WARN_UNDECLARED_SELECTOR = YES;
				GCC_WARN_UNINITIALIZED_AUTOS = YES_AGGRESSIVE;
				GCC_WARN_UNUSED_FUNCTION = YES;
				GCC_WARN_UNUSED_VARIABLE = YES;
				IPHONEOS_DEPLOYMENT_TARGET = 14.5;
				MTL_ENABLE_DEBUG_INFO = NO;
				MTL_FAST_MATH = YES;
				SDKROOT = iphoneos;
				SWIFT_COMPILATION_MODE = wholemodule;
				SWIFT_OPTIMIZATION_LEVEL = "-O";
				VALIDATE_PRODUCT = YES;
			};
			name = Release;
		};
		D03DDC4C26B1918C0096F756 /* Debug */ = {
			isa = XCBuildConfiguration;
			buildSettings = {
				ASSETCATALOG_COMPILER_APPICON_NAME = AppIcon;
				ASSETCATALOG_COMPILER_GLOBAL_ACCENT_COLOR_NAME = AccentColor;
				CODE_SIGN_STYLE = Automatic;
				DEVELOPMENT_TEAM = R7GCRW94KH;
				INFOPLIST_FILE = RxSideDish/Info.plist;
				LD_RUNPATH_SEARCH_PATHS = (
					"$(inherited)",
					"@executable_path/Frameworks",
				);
				PRODUCT_BUNDLE_IDENTIFIER = com.lenaios.RxSideDish;
				PRODUCT_NAME = "$(TARGET_NAME)";
				SWIFT_VERSION = 5.0;
				TARGETED_DEVICE_FAMILY = "1,2";
			};
			name = Debug;
		};
		D03DDC4D26B1918C0096F756 /* Release */ = {
			isa = XCBuildConfiguration;
			buildSettings = {
				ASSETCATALOG_COMPILER_APPICON_NAME = AppIcon;
				ASSETCATALOG_COMPILER_GLOBAL_ACCENT_COLOR_NAME = AccentColor;
				CODE_SIGN_STYLE = Automatic;
				DEVELOPMENT_TEAM = R7GCRW94KH;
				INFOPLIST_FILE = RxSideDish/Info.plist;
				LD_RUNPATH_SEARCH_PATHS = (
					"$(inherited)",
					"@executable_path/Frameworks",
				);
				PRODUCT_BUNDLE_IDENTIFIER = com.lenaios.RxSideDish;
				PRODUCT_NAME = "$(TARGET_NAME)";
				SWIFT_VERSION = 5.0;
				TARGETED_DEVICE_FAMILY = "1,2";
			};
			name = Release;
		};
		D03DDC4F26B1918C0096F756 /* Debug */ = {
			isa = XCBuildConfiguration;
			buildSettings = {
				ALWAYS_EMBED_SWIFT_STANDARD_LIBRARIES = YES;
				BUNDLE_LOADER = "$(TEST_HOST)";
				CODE_SIGN_STYLE = Automatic;
				DEVELOPMENT_TEAM = R7GCRW94KH;
				INFOPLIST_FILE = RxSideDishTests/Info.plist;
				IPHONEOS_DEPLOYMENT_TARGET = 14.5;
				LD_RUNPATH_SEARCH_PATHS = (
					"$(inherited)",
					"@executable_path/Frameworks",
					"@loader_path/Frameworks",
				);
				PRODUCT_BUNDLE_IDENTIFIER = com.lenaios.RxSideDishTests;
				PRODUCT_NAME = "$(TARGET_NAME)";
				SWIFT_VERSION = 5.0;
				TARGETED_DEVICE_FAMILY = "1,2";
				TEST_HOST = "$(BUILT_PRODUCTS_DIR)/RxSideDish.app/RxSideDish";
			};
			name = Debug;
		};
		D03DDC5026B1918C0096F756 /* Release */ = {
			isa = XCBuildConfiguration;
			buildSettings = {
				ALWAYS_EMBED_SWIFT_STANDARD_LIBRARIES = YES;
				BUNDLE_LOADER = "$(TEST_HOST)";
				CODE_SIGN_STYLE = Automatic;
				DEVELOPMENT_TEAM = R7GCRW94KH;
				INFOPLIST_FILE = RxSideDishTests/Info.plist;
				IPHONEOS_DEPLOYMENT_TARGET = 14.5;
				LD_RUNPATH_SEARCH_PATHS = (
					"$(inherited)",
					"@executable_path/Frameworks",
					"@loader_path/Frameworks",
				);
				PRODUCT_BUNDLE_IDENTIFIER = com.lenaios.RxSideDishTests;
				PRODUCT_NAME = "$(TARGET_NAME)";
				SWIFT_VERSION = 5.0;
				TARGETED_DEVICE_FAMILY = "1,2";
				TEST_HOST = "$(BUILT_PRODUCTS_DIR)/RxSideDish.app/RxSideDish";
			};
			name = Release;
		};
		D03DDC5226B1918C0096F756 /* Debug */ = {
			isa = XCBuildConfiguration;
			buildSettings = {
				ALWAYS_EMBED_SWIFT_STANDARD_LIBRARIES = YES;
				CODE_SIGN_STYLE = Automatic;
				DEVELOPMENT_TEAM = R7GCRW94KH;
				INFOPLIST_FILE = RxSideDishUITests/Info.plist;
				LD_RUNPATH_SEARCH_PATHS = (
					"$(inherited)",
					"@executable_path/Frameworks",
					"@loader_path/Frameworks",
				);
				PRODUCT_BUNDLE_IDENTIFIER = com.lenaios.RxSideDishUITests;
				PRODUCT_NAME = "$(TARGET_NAME)";
				SWIFT_VERSION = 5.0;
				TARGETED_DEVICE_FAMILY = "1,2";
				TEST_TARGET_NAME = RxSideDish;
			};
			name = Debug;
		};
		D03DDC5326B1918C0096F756 /* Release */ = {
			isa = XCBuildConfiguration;
			buildSettings = {
				ALWAYS_EMBED_SWIFT_STANDARD_LIBRARIES = YES;
				CODE_SIGN_STYLE = Automatic;
				DEVELOPMENT_TEAM = R7GCRW94KH;
				INFOPLIST_FILE = RxSideDishUITests/Info.plist;
				LD_RUNPATH_SEARCH_PATHS = (
					"$(inherited)",
					"@executable_path/Frameworks",
					"@loader_path/Frameworks",
				);
				PRODUCT_BUNDLE_IDENTIFIER = com.lenaios.RxSideDishUITests;
				PRODUCT_NAME = "$(TARGET_NAME)";
				SWIFT_VERSION = 5.0;
				TARGETED_DEVICE_FAMILY = "1,2";
				TEST_TARGET_NAME = RxSideDish;
			};
			name = Release;
		};
/* End XCBuildConfiguration section */

/* Begin XCConfigurationList section */
		D03DDC1C26B191890096F756 /* Build configuration list for PBXProject "RxSideDish" */ = {
			isa = XCConfigurationList;
			buildConfigurations = (
				D03DDC4926B1918C0096F756 /* Debug */,
				D03DDC4A26B1918C0096F756 /* Release */,
			);
			defaultConfigurationIsVisible = 0;
			defaultConfigurationName = Release;
		};
		D03DDC4B26B1918C0096F756 /* Build configuration list for PBXNativeTarget "RxSideDish" */ = {
			isa = XCConfigurationList;
			buildConfigurations = (
				D03DDC4C26B1918C0096F756 /* Debug */,
				D03DDC4D26B1918C0096F756 /* Release */,
			);
			defaultConfigurationIsVisible = 0;
			defaultConfigurationName = Release;
		};
		D03DDC4E26B1918C0096F756 /* Build configuration list for PBXNativeTarget "RxSideDishTests" */ = {
			isa = XCConfigurationList;
			buildConfigurations = (
				D03DDC4F26B1918C0096F756 /* Debug */,
				D03DDC5026B1918C0096F756 /* Release */,
			);
			defaultConfigurationIsVisible = 0;
			defaultConfigurationName = Release;
		};
		D03DDC5126B1918C0096F756 /* Build configuration list for PBXNativeTarget "RxSideDishUITests" */ = {
			isa = XCConfigurationList;
			buildConfigurations = (
				D03DDC5226B1918C0096F756 /* Debug */,
				D03DDC5326B1918C0096F756 /* Release */,
			);
			defaultConfigurationIsVisible = 0;
			defaultConfigurationName = Release;
		};
/* End XCConfigurationList section */

/* Begin XCRemoteSwiftPackageReference section */
		D03DDC5426B196290096F756 /* XCRemoteSwiftPackageReference "RxSwift" */ = {
			isa = XCRemoteSwiftPackageReference;
			repositoryURL = "https://github.com/ReactiveX/RxSwift.git";
			requirement = {
				kind = upToNextMajorVersion;
				minimumVersion = 6.2.0;
			};
		};
		D0B2251B26B6A197009D67E9 /* XCRemoteSwiftPackageReference "RxDataSources" */ = {
			isa = XCRemoteSwiftPackageReference;
			repositoryURL = "https://github.com/RxSwiftCommunity/RxDataSources";
			requirement = {
				kind = upToNextMajorVersion;
				minimumVersion = 5.0.1;
			};
		};
/* End XCRemoteSwiftPackageReference section */

/* Begin XCSwiftPackageProductDependency section */
		D03DDC5526B196290096F756 /* RxSwift */ = {
			isa = XCSwiftPackageProductDependency;
			package = D03DDC5426B196290096F756 /* XCRemoteSwiftPackageReference "RxSwift" */;
			productName = RxSwift;
		};
		D03DDC5926B196290096F756 /* RxRelay */ = {
			isa = XCSwiftPackageProductDependency;
			package = D03DDC5426B196290096F756 /* XCRemoteSwiftPackageReference "RxSwift" */;
			productName = RxRelay;
		};
		D03DDC5B26B196290096F756 /* RxCocoa */ = {
			isa = XCSwiftPackageProductDependency;
			package = D03DDC5426B196290096F756 /* XCRemoteSwiftPackageReference "RxSwift" */;
			productName = RxCocoa;
		};
		D0B2251C26B6A197009D67E9 /* RxDataSources */ = {
			isa = XCSwiftPackageProductDependency;
			package = D0B2251B26B6A197009D67E9 /* XCRemoteSwiftPackageReference "RxDataSources" */;
			productName = RxDataSources;
		};
/* End XCSwiftPackageProductDependency section */
	};
	rootObject = D03DDC1926B191890096F756 /* Project object */;
}
